Microsoft Visual Studio Solution File, Format Version 11.00
# Visual Studio 2008

Project("{C3D48F30-5B76-AD5B-ABCA-669A9D20244E}") = "Patient Zero", "Assembly-CSharp.csproj", "{CDDB5D9D-052C-27DE-B2C3-B91F8A4372A8}"
EndProject
Global
	GlobalSection(SolutionConfigurationPlatforms) = preSolution
		Debug|Any CPU = Debug|Any CPU
		Release|Any CPU = Release|Any CPU
	EndGlobalSection
	GlobalSection(ProjectConfigurationPlatforms) = postSolution
		{CDDB5D9D-052C-27DE-B2C3-B91F8A4372A8}.Debug|Any CPU.ActiveCfg = Debug|Any CPU
		{CDDB5D9D-052C-27DE-B2C3-B91F8A4372A8}.Debug|Any CPU.Build.0 = Debug|Any CPU
		{CDDB5D9D-052C-27DE-B2C3-B91F8A4372A8}.Release|Any CPU.ActiveCfg = Release|Any CPU
		{CDDB5D9D-052C-27DE-B2C3-B91F8A4372A8}.Release|Any CPU.Build.0 = Release|Any CPU
	EndGlobalSection
	GlobalSection(SolutionProperties) = preSolution
		HideSolutionNode = FALSE
	EndGlobalSection
	GlobalSection(MonoDevelopProperties) = preSolution
		StartupItem = Assembly-CSharp.csproj
	EndGlobalSection
EndGlobal
